
Microsoft Visual Studio Solution File, Format Version 12.00
# Visual Studio Version 17
VisualStudioVersion = 17.3.32901.215
MinimumVisualStudioVersion = 10.0.40219.1
Project("{FAE04EC0-301F-11D3-BF4B-00C04F79EFBC}") = "Inventory.Grpc", "Inventory.Grpc\Inventory.Grpc.csproj", "{F19549BD-6E87-4214-B2EE-C869FD4BA355}"
EndProject
Global
	GlobalSection(SolutionConfigurationPlatforms) = preSolution
		Debug|Any CPU = Debug|Any CPU
		Release|Any CPU = Release|Any CPU
	EndGlobalSection
	GlobalSection(ProjectConfigurationPlatforms) = postSolution
		{F19549BD-6E87-4214-B2EE-C869FD4BA355}.Debug|Any CPU.ActiveCfg = Debug|Any CPU
		{F19549BD-6E87-4214-B2EE-C869FD4BA355}.Debug|Any CPU.Build.0 = Debug|Any CPU
		{F19549BD-6E87-4214-B2EE-C869FD4BA355}.Release|Any CPU.ActiveCfg = Release|Any CPU
		{F19549BD-6E87-4214-B2EE-C869FD4BA355}.Release|Any CPU.Build.0 = Release|Any CPU
	EndGlobalSection
	GlobalSection(SolutionProperties) = preSolution
		HideSolutionNode = FALSE
	EndGlobalSection
	GlobalSection(ExtensibilityGlobals) = postSolution
		SolutionGuid = {6B4A09A4-B455-45A0-A60F-8D1318E4DB99}
	EndGlobalSection
EndGlobal
